{
  "name": "WallpaperLibrary",
  "lockfileVersion": 2,
  "requires": true,
  "packages": {
    "": {
      "devDependencies": {
        "@types/fs-extra": "^11.0.1",
        "@types/node": "^18.14.4"
      }
    },
    "node_modules/@types/fs-extra": {
      "version": "11.0.1",
      "resolved": "https://registry.npmjs.org/@types/fs-extra/-/fs-extra-11.0.1.tgz",
      "integrity": "sha512-MxObHvNl4A69ofaTRU8DFqvgzzv8s9yRtaPPm5gud9HDNvpB3GPQFvNuTWAI59B9huVGV5jXYJwbCsmBsOGYWA==",
      "dev": true,
      "dependencies": {
        "@types/jsonfile": "*",
        "@types/node": "*"
      }
    },
    "node_modules/@types/jsonfile": {
      "version": "6.1.1",
      "resolved": "https://registry.npmjs.org/@types/jsonfile/-/jsonfile-6.1.1.tgz",
      "integrity": "sha512-GSgiRCVeapDN+3pqA35IkQwasaCh/0YFH5dEF6S88iDvEn901DjOeH3/QPY+XYP1DFzDZPvIvfeEgk+7br5png==",
      "dev": true,
      "dependencies": {
        "@types/node": "*"
      }
    },
    "node_modules/@types/node": {
      "version": "18.14.4",
      "resolved": "https://registry.npmjs.org/@types/node/-/node-18.14.4.tgz",
      "integrity": "sha512-VhCw7I7qO2X49+jaKcAUwi3rR+hbxT5VcYF493+Z5kMLI0DL568b7JI4IDJaxWFH0D/xwmGJNoXisyX+w7GH/g==",
      "dev": true
    }
  },
  "dependencies": {
    "@types/fs-extra": {
      "version": "11.0.1",
      "resolved": "https://registry.npmjs.org/@types/fs-extra/-/fs-extra-11.0.1.tgz",
      "integrity": "sha512-MxObHvNl4A69ofaTRU8DFqvgzzv8s9yRtaPPm5gud9HDNvpB3GPQFvNuTWAI59B9huVGV5jXYJwbCsmBsOGYWA==",
      "dev": true,
      "requires": {
        "@types/jsonfile": "*",
        "@types/node": "*"
      }
    },
    "@types/jsonfile": {
      "version": "6.1.1",
      "resolved": "https://registry.npmjs.org/@types/jsonfile/-/jsonfile-6.1.1.tgz",
      "integrity": "sha512-GSgiRCVeapDN+3pqA35IkQwasaCh/0YFH5dEF6S88iDvEn901DjOeH3/QPY+XYP1DFzDZPvIvfeEgk+7br5png==",
      "dev": true,
      "requires": {
        "@types/node": "*"
      }
    },
    "@types/node": {
      "version": "18.14.4",
      "resolved": "https://registry.npmjs.org/@types/node/-/node-18.14.4.tgz",
      "integrity": "sha512-VhCw7I7qO2X49+jaKcAUwi3rR+hbxT5VcYF493+Z5kMLI0DL568b7JI4IDJaxWFH0D/xwmGJNoXisyX+w7GH/g==",
      "dev": true
    }
  }
}
